
Microsoft Visual Studio Solution File, Format Version 12.00
# Visual Studio 15
VisualStudioVersion = 15.0.27428.2015
MinimumVisualStudioVersion = 10.0.40219.1
Project("{FAE04EC0-301F-11D3-BF4B-00C04F79EFBC}") = "Syku.WebMarkupMin.Config", "Syku.WebMarkupMin.Config\Syku.WebMarkupMin.Config.csproj", "{650DE7AC-98EE-49BE-9C3A-7C9DCFCEB716}"
EndProject
Global
	GlobalSection(SolutionConfigurationPlatforms) = preSolution
		Debug|Any CPU = Debug|Any CPU
		Release|Any CPU = Release|Any CPU
	EndGlobalSection
	GlobalSection(ProjectConfigurationPlatforms) = postSolution
		{650DE7AC-98EE-49BE-9C3A-7C9DCFCEB716}.Debug|Any CPU.ActiveCfg = Debug|Any CPU
		{650DE7AC-98EE-49BE-9C3A-7C9DCFCEB716}.Debug|Any CPU.Build.0 = Debug|Any CPU
		{650DE7AC-98EE-49BE-9C3A-7C9DCFCEB716}.Release|Any CPU.ActiveCfg = Release|Any CPU
		{650DE7AC-98EE-49BE-9C3A-7C9DCFCEB716}.Release|Any CPU.Build.0 = Release|Any CPU
	EndGlobalSection
	GlobalSection(SolutionProperties) = preSolution
		HideSolutionNode = FALSE
	EndGlobalSection
	GlobalSection(ExtensibilityGlobals) = postSolution
		SolutionGuid = {DA5F23D6-168A-41C6-8144-02D803314F21}
	EndGlobalSection
EndGlobal
